
Microsoft Visual Studio Solution File, Format Version 12.00
# Visual Studio Version 16
VisualStudioVersion = 16.0.31112.23
MinimumVisualStudioVersion = 10.0.40219.1
Project("{FAE04EC0-301F-11D3-BF4B-00C04F79EFBC}") = "AddressBook", "AddressBook\AddressBook.csproj", "{4E62F3A0-0974-4329-B41E-C6946CD365B8}"
EndProject
Global
	GlobalSection(SolutionConfigurationPlatforms) = preSolution
		Debug|Any CPU = Debug|Any CPU
		Release|Any CPU = Release|Any CPU
	EndGlobalSection
	GlobalSection(ProjectConfigurationPlatforms) = postSolution
		{4E62F3A0-0974-4329-B41E-C6946CD365B8}.Debug|Any CPU.ActiveCfg = Debug|Any CPU
		{4E62F3A0-0974-4329-B41E-C6946CD365B8}.Debug|Any CPU.Build.0 = Debug|Any CPU
		{4E62F3A0-0974-4329-B41E-C6946CD365B8}.Release|Any CPU.ActiveCfg = Release|Any CPU
		{4E62F3A0-0974-4329-B41E-C6946CD365B8}.Release|Any CPU.Build.0 = Release|Any CPU
	EndGlobalSection
	GlobalSection(SolutionProperties) = preSolution
		HideSolutionNode = FALSE
	EndGlobalSection
	GlobalSection(ExtensibilityGlobals) = postSolution
		SolutionGuid = {323123AB-47EE-46B9-B253-E611EDCD0D79}
	EndGlobalSection
EndGlobal
